
Microsoft Visual Studio Solution File, Format Version 12.00
# Visual Studio 15
VisualStudioVersion = 15.0.27130.2024
MinimumVisualStudioVersion = 10.0.40219.1
Project("{FAE04EC0-301F-11D3-BF4B-00C04F79EFBC}") = "FewzionReport", "FewzionReport\FewzionReport.csproj", "{19B2B5CD-C17C-49A7-B3C0-B8ED71E3B652}"
EndProject
Global
	GlobalSection(SolutionConfigurationPlatforms) = preSolution
		Debug|Any CPU = Debug|Any CPU
		Release|Any CPU = Release|Any CPU
	EndGlobalSection
	GlobalSection(ProjectConfigurationPlatforms) = postSolution
		{19B2B5CD-C17C-49A7-B3C0-B8ED71E3B652}.Debug|Any CPU.ActiveCfg = Debug|Any CPU
		{19B2B5CD-C17C-49A7-B3C0-B8ED71E3B652}.Debug|Any CPU.Build.0 = Debug|Any CPU
		{19B2B5CD-C17C-49A7-B3C0-B8ED71E3B652}.Release|Any CPU.ActiveCfg = Release|Any CPU
		{19B2B5CD-C17C-49A7-B3C0-B8ED71E3B652}.Release|Any CPU.Build.0 = Release|Any CPU
	EndGlobalSection
	GlobalSection(SolutionProperties) = preSolution
		HideSolutionNode = FALSE
	EndGlobalSection
	GlobalSection(ExtensibilityGlobals) = postSolution
		SolutionGuid = {3B4DD4BE-4DD0-4111-B298-07252D794296}
	EndGlobalSection
EndGlobal
